
Microsoft Visual Studio Solution File, Format Version 12.00
# Visual Studio Version 17
VisualStudioVersion = 17.7.34031.279
MinimumVisualStudioVersion = 10.0.40219.1
Project("{FAE04EC0-301F-11D3-BF4B-00C04F79EFBC}") = "GA_MatthewVargas_List&ComboBox", "GA_MatthewVargas_List&ComboBox\GA_MatthewVargas_List&ComboBox.csproj", "{F08344CD-57D8-4C07-ACB2-ECC4B5B802B1}"
EndProject
Global
	GlobalSection(SolutionConfigurationPlatforms) = preSolution
		Debug|Any CPU = Debug|Any CPU
		Release|Any CPU = Release|Any CPU
	EndGlobalSection
	GlobalSection(ProjectConfigurationPlatforms) = postSolution
		{F08344CD-57D8-4C07-ACB2-ECC4B5B802B1}.Debug|Any CPU.ActiveCfg = Debug|Any CPU
		{F08344CD-57D8-4C07-ACB2-ECC4B5B802B1}.Debug|Any CPU.Build.0 = Debug|Any CPU
		{F08344CD-57D8-4C07-ACB2-ECC4B5B802B1}.Release|Any CPU.ActiveCfg = Release|Any CPU
		{F08344CD-57D8-4C07-ACB2-ECC4B5B802B1}.Release|Any CPU.Build.0 = Release|Any CPU
	EndGlobalSection
	GlobalSection(SolutionProperties) = preSolution
		HideSolutionNode = FALSE
	EndGlobalSection
	GlobalSection(ExtensibilityGlobals) = postSolution
		SolutionGuid = {B331BAAF-552A-483C-8BE6-9A99FA21086C}
	EndGlobalSection
EndGlobal
